
Microsoft Visual Studio Solution File, Format Version 12.00
# Visual Studio 15
VisualStudioVersion = 15.0.27703.2042
MinimumVisualStudioVersion = 10.0.40219.1
Project("{F184B08F-C81C-45F6-A57F-5ABD9991F28F}") = "PAC Map Creator", "PAC Map Creator\PAC Map Creator.vbproj", "{FB1846D6-17FD-4A19-9B39-9480167A8441}"
EndProject
Global
	GlobalSection(SolutionConfigurationPlatforms) = preSolution
		Debug|Any CPU = Debug|Any CPU
		Release|Any CPU = Release|Any CPU
	EndGlobalSection
	GlobalSection(ProjectConfigurationPlatforms) = postSolution
		{FB1846D6-17FD-4A19-9B39-9480167A8441}.Debug|Any CPU.ActiveCfg = Debug|Any CPU
		{FB1846D6-17FD-4A19-9B39-9480167A8441}.Debug|Any CPU.Build.0 = Debug|Any CPU
		{FB1846D6-17FD-4A19-9B39-9480167A8441}.Release|Any CPU.ActiveCfg = Release|Any CPU
		{FB1846D6-17FD-4A19-9B39-9480167A8441}.Release|Any CPU.Build.0 = Release|Any CPU
	EndGlobalSection
	GlobalSection(SolutionProperties) = preSolution
		HideSolutionNode = FALSE
	EndGlobalSection
	GlobalSection(ExtensibilityGlobals) = postSolution
		SolutionGuid = {8F9CB5AC-AD97-497A-A248-4B5F6E572DE4}
	EndGlobalSection
EndGlobal
